
Microsoft Visual Studio Solution File, Format Version 12.00
# Visual Studio Version 17
VisualStudioVersion = 17.0.32014.148
MinimumVisualStudioVersion = 10.0.40219.1
Project("{FAE04EC0-301F-11D3-BF4B-00C04F79EFBC}") = "MangaUpdateAPI", "MangaUpdateAPI\MangaUpdateAPI.csproj", "{8EAEE5EA-EFBA-42A2-B202-35FEC505155F}"
EndProject
Global
	GlobalSection(SolutionConfigurationPlatforms) = preSolution
		Debug|Any CPU = Debug|Any CPU
		Release|Any CPU = Release|Any CPU
	EndGlobalSection
	GlobalSection(ProjectConfigurationPlatforms) = postSolution
		{8EAEE5EA-EFBA-42A2-B202-35FEC505155F}.Debug|Any CPU.ActiveCfg = Debug|Any CPU
		{8EAEE5EA-EFBA-42A2-B202-35FEC505155F}.Debug|Any CPU.Build.0 = Debug|Any CPU
		{8EAEE5EA-EFBA-42A2-B202-35FEC505155F}.Release|Any CPU.ActiveCfg = Release|Any CPU
		{8EAEE5EA-EFBA-42A2-B202-35FEC505155F}.Release|Any CPU.Build.0 = Release|Any CPU
	EndGlobalSection
	GlobalSection(SolutionProperties) = preSolution
		HideSolutionNode = FALSE
	EndGlobalSection
	GlobalSection(ExtensibilityGlobals) = postSolution
		SolutionGuid = {88F0B4B7-CD78-4F46-A7B8-64229C203C08}
	EndGlobalSection
EndGlobal
